{
  "name": "notmg-web",
  "version": "0.1.0",
  "lockfileVersion": 3,
  "requires": true,
  "packages": {
    "": {
      "name": "notmg-web",
      "version": "0.1.0",
      "dependencies": {
        "howler": "^2.2.4"
      },
      "devDependencies": {
        "@types/phoenix": "^1.6.6"
      }
    },
    "node_modules/@types/phoenix": {
      "version": "1.6.6",
      "resolved": "https://registry.npmjs.org/@types/phoenix/-/phoenix-1.6.6.tgz",
      "integrity": "sha512-PIzZZlEppgrpoT2QgbnDU+MMzuR6BbCjllj0bM70lWoejMeNJAxCchxnv7J3XFkI8MpygtRpzXrIlmWUBclP5A==",
      "dev": true,
      "license": "MIT"
    },
    "node_modules/howler": {
      "version": "2.2.4",
      "resolved": "https://registry.npmjs.org/howler/-/howler-2.2.4.tgz",
      "integrity": "sha512-iARIBPgcQrwtEr+tALF+rapJ8qSc+Set2GJQl7xT1MQzWaVkFebdJhR3alVlSiUf5U7nAANKuj3aWpwerocD5w==",
      "license": "MIT"
    }
  }
}
